
Microsoft Visual Studio Solution File, Format Version 12.00
# Visual Studio 15
VisualStudioVersion = 15.0.27703.2000
MinimumVisualStudioVersion = 10.0.40219.1
Project("{FAE04EC0-301F-11D3-BF4B-00C04F79EFBC}") = "CodeMetricsLibrary", "CodeMetricsLibrary\CodeMetricsLibrary.csproj", "{BCE6286E-B3E7-4C17-A55C-237746596FCB}"
EndProject
Project("{FAE04EC0-301F-11D3-BF4B-00C04F79EFBC}") = "CodeMetricsLibrary.Tests", "CodeMetricsLibrary.Tests\CodeMetricsLibrary.Tests.csproj", "{D8B7B803-704F-471E-A563-AA35C114AF5E}"
EndProject
Project("{FAE04EC0-301F-11D3-BF4B-00C04F79EFBC}") = "CodeMetricsApplication", "CodeMetricsApplication\CodeMetricsApplication.csproj", "{7863BCA1-56A6-4EDA-A058-E8445B4BA605}"
EndProject
Global
	GlobalSection(SolutionConfigurationPlatforms) = preSolution
		Debug|Any CPU = Debug|Any CPU
		Release|Any CPU = Release|Any CPU
	EndGlobalSection
	GlobalSection(ProjectConfigurationPlatforms) = postSolution
		{BCE6286E-B3E7-4C17-A55C-237746596FCB}.Debug|Any CPU.ActiveCfg = Debug|Any CPU
		{BCE6286E-B3E7-4C17-A55C-237746596FCB}.Debug|Any CPU.Build.0 = Debug|Any CPU
		{BCE6286E-B3E7-4C17-A55C-237746596FCB}.Release|Any CPU.ActiveCfg = Release|Any CPU
		{BCE6286E-B3E7-4C17-A55C-237746596FCB}.Release|Any CPU.Build.0 = Release|Any CPU
		{D8B7B803-704F-471E-A563-AA35C114AF5E}.Debug|Any CPU.ActiveCfg = Debug|Any CPU
		{D8B7B803-704F-471E-A563-AA35C114AF5E}.Debug|Any CPU.Build.0 = Debug|Any CPU
		{D8B7B803-704F-471E-A563-AA35C114AF5E}.Release|Any CPU.ActiveCfg = Release|Any CPU
		{D8B7B803-704F-471E-A563-AA35C114AF5E}.Release|Any CPU.Build.0 = Release|Any CPU
		{7863BCA1-56A6-4EDA-A058-E8445B4BA605}.Debug|Any CPU.ActiveCfg = Debug|Any CPU
		{7863BCA1-56A6-4EDA-A058-E8445B4BA605}.Debug|Any CPU.Build.0 = Debug|Any CPU
		{7863BCA1-56A6-4EDA-A058-E8445B4BA605}.Release|Any CPU.ActiveCfg = Release|Any CPU
		{7863BCA1-56A6-4EDA-A058-E8445B4BA605}.Release|Any CPU.Build.0 = Release|Any CPU
	EndGlobalSection
	GlobalSection(SolutionProperties) = preSolution
		HideSolutionNode = FALSE
	EndGlobalSection
	GlobalSection(ExtensibilityGlobals) = postSolution
		SolutionGuid = {B18469B6-6DDA-4DD5-867E-DC039EDDCEA2}
	EndGlobalSection
EndGlobal
